
Microsoft Visual Studio Solution File, Format Version 12.00
# Visual Studio 15
VisualStudioVersion = 15.0.27004.2009
MinimumVisualStudioVersion = 10.0.40219.1
Project("{2150E333-8FDC-42A3-9474-1A3956D46DE8}") = "Source", "Source", "{09A59AE2-F8ED-486E-A638-2BEBEC140372}"
EndProject
Project("{9A19103F-16F7-4668-BE54-9A1E7A4F7556}") = "TrekkingForCharity.Site.Web", "source\TrekkingForCharity.Site.Web\TrekkingForCharity.Site.Web.csproj", "{403216ED-C583-4311-92F6-582F15814EA7}"
EndProject
Project("{2150E333-8FDC-42A3-9474-1A3956D46DE8}") = "Hosting", "Hosting", "{BC5239A8-FA80-416E-8CA6-8CF998D8AD7B}"
EndProject
Project("{E53339B2-1760-4266-BCC7-CA923CBCF16C}") = "docker-compose", "docker-compose.dcproj", "{5FE8DA6F-9E09-4287-89E7-1D12A312A73F}"
EndProject
Global
	GlobalSection(SolutionConfigurationPlatforms) = preSolution
		Debug|Any CPU = Debug|Any CPU
		Release|Any CPU = Release|Any CPU
	EndGlobalSection
	GlobalSection(ProjectConfigurationPlatforms) = postSolution
		{403216ED-C583-4311-92F6-582F15814EA7}.Debug|Any CPU.ActiveCfg = Debug|Any CPU
		{403216ED-C583-4311-92F6-582F15814EA7}.Debug|Any CPU.Build.0 = Debug|Any CPU
		{403216ED-C583-4311-92F6-582F15814EA7}.Release|Any CPU.ActiveCfg = Release|Any CPU
		{403216ED-C583-4311-92F6-582F15814EA7}.Release|Any CPU.Build.0 = Release|Any CPU
		{5FE8DA6F-9E09-4287-89E7-1D12A312A73F}.Debug|Any CPU.ActiveCfg = Debug|Any CPU
		{5FE8DA6F-9E09-4287-89E7-1D12A312A73F}.Debug|Any CPU.Build.0 = Debug|Any CPU
		{5FE8DA6F-9E09-4287-89E7-1D12A312A73F}.Release|Any CPU.ActiveCfg = Release|Any CPU
		{5FE8DA6F-9E09-4287-89E7-1D12A312A73F}.Release|Any CPU.Build.0 = Release|Any CPU
	EndGlobalSection
	GlobalSection(SolutionProperties) = preSolution
		HideSolutionNode = FALSE
	EndGlobalSection
	GlobalSection(NestedProjects) = preSolution
		{403216ED-C583-4311-92F6-582F15814EA7} = {09A59AE2-F8ED-486E-A638-2BEBEC140372}
	EndGlobalSection
	GlobalSection(ExtensibilityGlobals) = postSolution
		SolutionGuid = {3F5FC757-6B30-43D1-8CED-B72193D4AACC}
	EndGlobalSection
EndGlobal
